
Microsoft Visual Studio Solution File, Format Version 12.00
# Visual Studio Version 17
VisualStudioVersion = 17.13.35806.99
MinimumVisualStudioVersion = 10.0.40219.1
Project("{FAE04EC0-301F-11D3-BF4B-00C04F79EFBC}") = "SpotifyVPY322", "SpotifyVPY322\SpotifyVPY322.csproj", "{296A672A-10BF-4850-852B-2933FE919A01}"
EndProject
Global
	GlobalSection(SolutionConfigurationPlatforms) = preSolution
		Debug|Any CPU = Debug|Any CPU
		Release|Any CPU = Release|Any CPU
	EndGlobalSection
	GlobalSection(ProjectConfigurationPlatforms) = postSolution
		{296A672A-10BF-4850-852B-2933FE919A01}.Debug|Any CPU.ActiveCfg = Debug|Any CPU
		{296A672A-10BF-4850-852B-2933FE919A01}.Debug|Any CPU.Build.0 = Debug|Any CPU
		{296A672A-10BF-4850-852B-2933FE919A01}.Release|Any CPU.ActiveCfg = Release|Any CPU
		{296A672A-10BF-4850-852B-2933FE919A01}.Release|Any CPU.Build.0 = Release|Any CPU
	EndGlobalSection
	GlobalSection(SolutionProperties) = preSolution
		HideSolutionNode = FALSE
	EndGlobalSection
	GlobalSection(ExtensibilityGlobals) = postSolution
		SolutionGuid = {D01217B3-EE8C-4C7D-9984-D54A58204306}
	EndGlobalSection
EndGlobal
